
Microsoft Visual Studio Solution File, Format Version 12.00
# Visual Studio Version 17
VisualStudioVersion = 17.4.33213.308
MinimumVisualStudioVersion = 10.0.40219.1
Project("{9A19103F-16F7-4668-BE54-9A1E7A4F7556}") = "VisualStudio.Interfaces", "VisualStudio.Interfaces.csproj", "{DD1B89A1-BA2A-4DCD-80A1-E805F9401EE4}"
EndProject
Global
	GlobalSection(SolutionConfigurationPlatforms) = preSolution
		Debug|Any CPU = Debug|Any CPU
		Release|Any CPU = Release|Any CPU
	EndGlobalSection
	GlobalSection(ProjectConfigurationPlatforms) = postSolution
		{DD1B89A1-BA2A-4DCD-80A1-E805F9401EE4}.Debug|Any CPU.ActiveCfg = Debug|Any CPU
		{DD1B89A1-BA2A-4DCD-80A1-E805F9401EE4}.Debug|Any CPU.Build.0 = Debug|Any CPU
		{DD1B89A1-BA2A-4DCD-80A1-E805F9401EE4}.Release|Any CPU.ActiveCfg = Release|Any CPU
		{DD1B89A1-BA2A-4DCD-80A1-E805F9401EE4}.Release|Any CPU.Build.0 = Release|Any CPU
	EndGlobalSection
	GlobalSection(SolutionProperties) = preSolution
		HideSolutionNode = FALSE
	EndGlobalSection
	GlobalSection(ExtensibilityGlobals) = postSolution
		SolutionGuid = {3E124C04-D037-4EAC-A07F-16E9762037C8}
	EndGlobalSection
EndGlobal
